
Microsoft Visual Studio Solution File, Format Version 12.00
# Visual Studio Version 17
VisualStudioVersion = 17.6.33815.320
MinimumVisualStudioVersion = 10.0.40219.1
Project("{9A19103F-16F7-4668-BE54-9A1E7A4F7556}") = "fibanacci", "fibanacci\fibanacci.csproj", "{3EB7020E-20BF-4C39-8EBC-A3174FFD21B1}"
EndProject
Project("{9A19103F-16F7-4668-BE54-9A1E7A4F7556}") = "Pascal", "Pascal\Pascal.csproj", "{64D844C6-0439-4F56-9145-C33FE5927674}"
EndProject
Project("{9A19103F-16F7-4668-BE54-9A1E7A4F7556}") = "gyak", "gyak\gyak.csproj", "{71054C12-EFFC-490C-8753-B5664B8B499E}"
EndProject
Project("{9A19103F-16F7-4668-BE54-9A1E7A4F7556}") = "3.feladat", "3.feladat\3.feladat.csproj", "{8BC97A35-3806-4FCF-ADC6-601127CFD638}"
EndProject
Project("{9A19103F-16F7-4668-BE54-9A1E7A4F7556}") = "minden", "minden\minden.csproj", "{1A2DC5DD-0667-4717-81F6-08C872BD955D}"
EndProject
Project("{9A19103F-16F7-4668-BE54-9A1E7A4F7556}") = "5.het", "5.het\5.het.csproj", "{4F9F908E-1D8A-40CF-A496-24FC00DBD49C}"
EndProject
Project("{9A19103F-16F7-4668-BE54-9A1E7A4F7556}") = "kigyo", "kigyo\kigyo.csproj", "{5CF16D07-DFF9-4FE6-92CD-DBB675EC0870}"
EndProject
Project("{9A19103F-16F7-4668-BE54-9A1E7A4F7556}") = "7.heet", "7.heet\7.heet.csproj", "{4424A3C9-83A2-41F6-8BE8-85E00234AED4}"
EndProject
Project("{9A19103F-16F7-4668-BE54-9A1E7A4F7556}") = "minta zh", "minta zh\minta zh.csproj", "{0AAABE2B-C8D1-41BD-9621-D0687CA62102}"
EndProject
Project("{9A19103F-16F7-4668-BE54-9A1E7A4F7556}") = "asdasdasd", "asdasdasd\asdasdasd.csproj", "{0CA83B21-9A59-4C46-A5ED-2AE60521E787}"
EndProject
Project("{FAE04EC0-301F-11D3-BF4B-00C04F79EFBC}") = "2.zhgyak", "2.zhgyak\2.zhgyak.csproj", "{645D890D-C074-4DA8-A216-524A029079A9}"
EndProject
Global
	GlobalSection(SolutionConfigurationPlatforms) = preSolution
		Debug|Any CPU = Debug|Any CPU
		Release|Any CPU = Release|Any CPU
	EndGlobalSection
	GlobalSection(ProjectConfigurationPlatforms) = postSolution
		{3EB7020E-20BF-4C39-8EBC-A3174FFD21B1}.Debug|Any CPU.ActiveCfg = Debug|Any CPU
		{3EB7020E-20BF-4C39-8EBC-A3174FFD21B1}.Debug|Any CPU.Build.0 = Debug|Any CPU
		{3EB7020E-20BF-4C39-8EBC-A3174FFD21B1}.Release|Any CPU.ActiveCfg = Release|Any CPU
		{3EB7020E-20BF-4C39-8EBC-A3174FFD21B1}.Release|Any CPU.Build.0 = Release|Any CPU
		{64D844C6-0439-4F56-9145-C33FE5927674}.Debug|Any CPU.ActiveCfg = Debug|Any CPU
		{64D844C6-0439-4F56-9145-C33FE5927674}.Debug|Any CPU.Build.0 = Debug|Any CPU
		{64D844C6-0439-4F56-9145-C33FE5927674}.Release|Any CPU.ActiveCfg = Release|Any CPU
		{64D844C6-0439-4F56-9145-C33FE5927674}.Release|Any CPU.Build.0 = Release|Any CPU
		{71054C12-EFFC-490C-8753-B5664B8B499E}.Debug|Any CPU.ActiveCfg = Debug|Any CPU
		{71054C12-EFFC-490C-8753-B5664B8B499E}.Debug|Any CPU.Build.0 = Debug|Any CPU
		{71054C12-EFFC-490C-8753-B5664B8B499E}.Release|Any CPU.ActiveCfg = Release|Any CPU
		{71054C12-EFFC-490C-8753-B5664B8B499E}.Release|Any CPU.Build.0 = Release|Any CPU
		{8BC97A35-3806-4FCF-ADC6-601127CFD638}.Debug|Any CPU.ActiveCfg = Debug|Any CPU
		{8BC97A35-3806-4FCF-ADC6-601127CFD638}.Debug|Any CPU.Build.0 = Debug|Any CPU
		{8BC97A35-3806-4FCF-ADC6-601127CFD638}.Release|Any CPU.ActiveCfg = Release|Any CPU
		{8BC97A35-3806-4FCF-ADC6-601127CFD638}.Release|Any CPU.Build.0 = Release|Any CPU
		{1A2DC5DD-0667-4717-81F6-08C872BD955D}.Debug|Any CPU.ActiveCfg = Debug|Any CPU
		{1A2DC5DD-0667-4717-81F6-08C872BD955D}.Debug|Any CPU.Build.0 = Debug|Any CPU
		{1A2DC5DD-0667-4717-81F6-08C872BD955D}.Release|Any CPU.ActiveCfg = Release|Any CPU
		{1A2DC5DD-0667-4717-81F6-08C872BD955D}.Release|Any CPU.Build.0 = Release|Any CPU
		{4F9F908E-1D8A-40CF-A496-24FC00DBD49C}.Debug|Any CPU.ActiveCfg = Debug|Any CPU
		{4F9F908E-1D8A-40CF-A496-24FC00DBD49C}.Debug|Any CPU.Build.0 = Debug|Any CPU
		{4F9F908E-1D8A-40CF-A496-24FC00DBD49C}.Release|Any CPU.ActiveCfg = Release|Any CPU
		{4F9F908E-1D8A-40CF-A496-24FC00DBD49C}.Release|Any CPU.Build.0 = Release|Any CPU
		{5CF16D07-DFF9-4FE6-92CD-DBB675EC0870}.Debug|Any CPU.ActiveCfg = Debug|Any CPU
		{5CF16D07-DFF9-4FE6-92CD-DBB675EC0870}.Debug|Any CPU.Build.0 = Debug|Any CPU
		{5CF16D07-DFF9-4FE6-92CD-DBB675EC0870}.Release|Any CPU.ActiveCfg = Release|Any CPU
		{5CF16D07-DFF9-4FE6-92CD-DBB675EC0870}.Release|Any CPU.Build.0 = Release|Any CPU
		{4424A3C9-83A2-41F6-8BE8-85E00234AED4}.Debug|Any CPU.ActiveCfg = Debug|Any CPU
		{4424A3C9-83A2-41F6-8BE8-85E00234AED4}.Debug|Any CPU.Build.0 = Debug|Any CPU
		{4424A3C9-83A2-41F6-8BE8-85E00234AED4}.Release|Any CPU.ActiveCfg = Release|Any CPU
		{4424A3C9-83A2-41F6-8BE8-85E00234AED4}.Release|Any CPU.Build.0 = Release|Any CPU
		{0AAABE2B-C8D1-41BD-9621-D0687CA62102}.Debug|Any CPU.ActiveCfg = Debug|Any CPU
		{0AAABE2B-C8D1-41BD-9621-D0687CA62102}.Debug|Any CPU.Build.0 = Debug|Any CPU
		{0AAABE2B-C8D1-41BD-9621-D0687CA62102}.Release|Any CPU.ActiveCfg = Release|Any CPU
		{0AAABE2B-C8D1-41BD-9621-D0687CA62102}.Release|Any CPU.Build.0 = Release|Any CPU
		{0CA83B21-9A59-4C46-A5ED-2AE60521E787}.Debug|Any CPU.ActiveCfg = Debug|Any CPU
		{0CA83B21-9A59-4C46-A5ED-2AE60521E787}.Debug|Any CPU.Build.0 = Debug|Any CPU
		{0CA83B21-9A59-4C46-A5ED-2AE60521E787}.Release|Any CPU.ActiveCfg = Release|Any CPU
		{0CA83B21-9A59-4C46-A5ED-2AE60521E787}.Release|Any CPU.Build.0 = Release|Any CPU
		{645D890D-C074-4DA8-A216-524A029079A9}.Debug|Any CPU.ActiveCfg = Debug|Any CPU
		{645D890D-C074-4DA8-A216-524A029079A9}.Debug|Any CPU.Build.0 = Debug|Any CPU
		{645D890D-C074-4DA8-A216-524A029079A9}.Release|Any CPU.ActiveCfg = Release|Any CPU
		{645D890D-C074-4DA8-A216-524A029079A9}.Release|Any CPU.Build.0 = Release|Any CPU
	EndGlobalSection
	GlobalSection(SolutionProperties) = preSolution
		HideSolutionNode = FALSE
	EndGlobalSection
	GlobalSection(ExtensibilityGlobals) = postSolution
		SolutionGuid = {E8CE7ADB-9766-482D-A88D-DDCBD2A2F937}
	EndGlobalSection
EndGlobal
